
Microsoft Visual Studio Solution File, Format Version 12.00
# Visual Studio Version 18
VisualStudioVersion = 18.2.11415.280 d18.0
MinimumVisualStudioVersion = 10.0.40219.1
Project("{FAE04EC0-301F-11D3-BF4B-00C04F79EFBC}") = "AuthKit", "AuthKit.csproj", "{6EE733D5-49D3-05F4-982F-506D9DFB5E50}"
EndProject
Global
	GlobalSection(SolutionConfigurationPlatforms) = preSolution
		Debug|Any CPU = Debug|Any CPU
		Release|Any CPU = Release|Any CPU
	EndGlobalSection
	GlobalSection(ProjectConfigurationPlatforms) = postSolution
		{6EE733D5-49D3-05F4-982F-506D9DFB5E50}.Debug|Any CPU.ActiveCfg = Debug|Any CPU
		{6EE733D5-49D3-05F4-982F-506D9DFB5E50}.Debug|Any CPU.Build.0 = Debug|Any CPU
		{6EE733D5-49D3-05F4-982F-506D9DFB5E50}.Release|Any CPU.ActiveCfg = Release|Any CPU
		{6EE733D5-49D3-05F4-982F-506D9DFB5E50}.Release|Any CPU.Build.0 = Release|Any CPU
	EndGlobalSection
	GlobalSection(SolutionProperties) = preSolution
		HideSolutionNode = FALSE
	EndGlobalSection
	GlobalSection(ExtensibilityGlobals) = postSolution
		SolutionGuid = {DBB763B1-5914-4536-8902-098EF6E6FEBA}
	EndGlobalSection
EndGlobal
